
Microsoft Visual Studio Solution File, Format Version 12.00
# Visual Studio Version 16
VisualStudioVersion = 16.0.30309.148
MinimumVisualStudioVersion = 10.0.40219.1
Project("{FAE04EC0-301F-11D3-BF4B-00C04F79EFBC}") = "Core", "Core\Core.csproj", "{7671DE3B-D325-4039-A607-7F014CF4EDFE}"
EndProject
Project("{FAE04EC0-301F-11D3-BF4B-00C04F79EFBC}") = "CoreTests", "CoreTests\CoreTests.csproj", "{158883F7-CF19-4444-93B8-DAD146C4C88D}"
EndProject
Project("{FAE04EC0-301F-11D3-BF4B-00C04F79EFBC}") = "ConsoleApp", "ConsoleApp\ConsoleApp.csproj", "{448030D0-FA49-45A5-830F-4ECED6EF35F6}"
EndProject
Global
	GlobalSection(SolutionConfigurationPlatforms) = preSolution
		Debug|Any CPU = Debug|Any CPU
		Release|Any CPU = Release|Any CPU
	EndGlobalSection
	GlobalSection(ProjectConfigurationPlatforms) = postSolution
		{7671DE3B-D325-4039-A607-7F014CF4EDFE}.Debug|Any CPU.ActiveCfg = Debug|Any CPU
		{7671DE3B-D325-4039-A607-7F014CF4EDFE}.Debug|Any CPU.Build.0 = Debug|Any CPU
		{7671DE3B-D325-4039-A607-7F014CF4EDFE}.Release|Any CPU.ActiveCfg = Release|Any CPU
		{7671DE3B-D325-4039-A607-7F014CF4EDFE}.Release|Any CPU.Build.0 = Release|Any CPU
		{158883F7-CF19-4444-93B8-DAD146C4C88D}.Debug|Any CPU.ActiveCfg = Debug|Any CPU
		{158883F7-CF19-4444-93B8-DAD146C4C88D}.Debug|Any CPU.Build.0 = Debug|Any CPU
		{158883F7-CF19-4444-93B8-DAD146C4C88D}.Release|Any CPU.ActiveCfg = Release|Any CPU
		{158883F7-CF19-4444-93B8-DAD146C4C88D}.Release|Any CPU.Build.0 = Release|Any CPU
		{448030D0-FA49-45A5-830F-4ECED6EF35F6}.Debug|Any CPU.ActiveCfg = Debug|Any CPU
		{448030D0-FA49-45A5-830F-4ECED6EF35F6}.Debug|Any CPU.Build.0 = Debug|Any CPU
		{448030D0-FA49-45A5-830F-4ECED6EF35F6}.Release|Any CPU.ActiveCfg = Release|Any CPU
		{448030D0-FA49-45A5-830F-4ECED6EF35F6}.Release|Any CPU.Build.0 = Release|Any CPU
	EndGlobalSection
	GlobalSection(SolutionProperties) = preSolution
		HideSolutionNode = FALSE
	EndGlobalSection
	GlobalSection(ExtensibilityGlobals) = postSolution
		SolutionGuid = {4F55CEE0-C9F6-401F-A4ED-33468066365C}
	EndGlobalSection
EndGlobal
